[[package]]
category = "dev"
description = "Atomic file writes."
name = "atomicwrites"
optional = false
python-versions = ">=2.7, !=3.0.*, !=3.1.*, !=3.2.*, !=3.3.*"
version = "1.3.0"

[[package]]
category = "dev"
description = "Classes Without Boilerplate"
name = "attrs"
optional = false
python-versions = ">=2.7, !=3.0.*, !=3.1.*, !=3.2.*, !=3.3.*"
version = "19.3.0"

[[package]]
category = "main"
description = "Print ASCII tables for terminals"
name = "beautifultable"
optional = false
python-versions = "*"
version = "0.7.0"

[[package]]
category = "dev"
description = "Cross-platform colored terminal text."
marker = "sys_platform == \"win32\""
name = "colorama"
optional = false
python-versions = ">=2.7, !=3.0.*, !=3.1.*, !=3.2.*, !=3.3.*"
version = "0.4.1"

[[package]]
category = "main"
description = "Composable style cycles"
name = "cycler"
optional = false
python-versions = "*"
version = "0.10.0"

[package.dependencies]
six = "*"

[[package]]
category = "dev"
description = "Read metadata from Python packages"
marker = "python_version < \"3.8\""
name = "importlib-metadata"
optional = false
python-versions = ">=2.7,!=3.0,!=3.1,!=3.2,!=3.3"
version = "0.23"

[package.dependencies]
zipp = ">=0.5"

[[package]]
category = "main"
description = "Lightweight pipelining: using Python functions as pipeline jobs."
name = "joblib"
optional = false
python-versions = "*"
version = "0.14.0"

[[package]]
category = "main"
description = "A fast implementation of the Cassowary constraint solver"
name = "kiwisolver"
optional = false
python-versions = ">=2.7, !=3.0.*, !=3.1.*, !=3.2.*, !=3.3.*"
version = "1.1.0"

[package.dependencies]
setuptools = "*"

[[package]]
category = "main"
description = "Python plotting package"
name = "matplotlib"
optional = false
python-versions = ">=3.6"
version = "3.1.0"

[package.dependencies]
cycler = ">=0.10"
kiwisolver = ">=1.0.1"
numpy = ">=1.11"
pyparsing = ">=2.0.1,<2.0.4 || >2.0.4,<2.1.2 || >2.1.2,<2.1.6 || >2.1.6"
python-dateutil = ">=2.1"

[[package]]
category = "dev"
description = "More routines for operating on iterables, beyond itertools"
name = "more-itertools"
optional = false
python-versions = ">=3.4"
version = "7.2.0"

[[package]]
category = "main"
description = "NumPy is the fundamental package for array computing with Python."
name = "numpy"
optional = false
python-versions = ">=3.5"
version = "1.17.3"

[[package]]
category = "dev"
description = "Core utilities for Python packages"
name = "packaging"
optional = false
python-versions = ">=2.7, !=3.0.*, !=3.1.*, !=3.2.*, !=3.3.*"
version = "19.2"

[package.dependencies]
pyparsing = ">=2.0.2"
six = "*"

[[package]]
category = "dev"
description = "plugin and hook calling mechanisms for python"
name = "pluggy"
optional = false
python-versions = ">=2.7, !=3.0.*, !=3.1.*, !=3.2.*, !=3.3.*"
version = "0.13.0"

[package.dependencies]
[package.dependencies.importlib-metadata]
python = "<3.8"
version = ">=0.12"

[[package]]
category = "dev"
description = "library with cross-python path, ini-parsing, io, code, log facilities"
name = "py"
optional = false
python-versions = ">=2.7, !=3.0.*, !=3.1.*, !=3.2.*, !=3.3.*"
version = "1.8.0"

[[package]]
category = "main"
description = "Python parsing module"
name = "pyparsing"
optional = false
python-versions = ">=2.6, !=3.0.*, !=3.1.*, !=3.2.*"
version = "2.4.2"

[[package]]
category = "main"
description = "Cython wrappers for Polya gamma random number generation based on Jesse Windle's BayesLogit package: https://github.com/jwindle/BayesLogit."
name = "pypolyagamma"
optional = false
python-versions = "*"
version = "1.2.2"

[package.dependencies]
matplotlib = "*"
numpy = "*"
scipy = "*"

[[package]]
category = "dev"
description = "pytest: simple powerful testing with Python"
name = "pytest"
optional = false
python-versions = ">=3.5"
version = "5.2.2"

[package.dependencies]
atomicwrites = ">=1.0"
attrs = ">=17.4.0"
colorama = "*"
more-itertools = ">=4.0.0"
packaging = "*"
pluggy = ">=0.12,<1.0"
py = ">=1.5.0"
wcwidth = "*"

[package.dependencies.importlib-metadata]
python = "<3.8"
version = ">=0.12"

[[package]]
category = "main"
description = "Extensions to the standard Python datetime module"
name = "python-dateutil"
optional = false
python-versions = ">=2.7, !=3.0.*, !=3.1.*, !=3.2.*"
version = "2.8.0"

[package.dependencies]
six = ">=1.5"

[[package]]
category = "main"
description = "Scikits sparse matrix package"
name = "scikit-sparse"
optional = true
python-versions = "*"
version = "0.4.4"

[package.dependencies]
numpy = "*"
scipy = "*"

[[package]]
category = "main"
description = "SciPy: Scientific Library for Python"
name = "scipy"
optional = false
python-versions = "*"
version = "0.19.0"

[package.dependencies]
numpy = ">=1.8.2"

[[package]]
category = "main"
description = "Python 2 and 3 compatibility utilities"
name = "six"
optional = false
python-versions = ">=2.6, !=3.0.*, !=3.1.*"
version = "1.12.0"

[[package]]
category = "main"
description = "Python Library for Tom's Obvious, Minimal Language"
name = "toml"
optional = true
python-versions = "*"
version = "0.10.0"

[[package]]
category = "dev"
description = "Measures number of Terminal column cells of wide-character codes"
name = "wcwidth"
optional = false
python-versions = "*"
version = "0.1.7"

[[package]]
category = "dev"
description = "Backport of pathlib-compatible object wrapper for zip files"
marker = "python_version < \"3.8\""
name = "zipp"
optional = false
python-versions = ">=2.7"
version = "0.6.0"

[package.dependencies]
more-itertools = "*"

[extras]
scikit-sparse = ["scikit-sparse"]
toml = ["toml"]

[metadata]
content-hash = "d204b9e256a9fce87f1d20cd91816ecfdc98ca3d31a159c6ed52e33844f33a06"
python-versions = "3.6.*"

[metadata.hashes]
atomicwrites = ["03472c30eb2c5d1ba9227e4c2ca66ab8287fbfbbda3888aa93dc2e28fc6811b4", "75a9445bac02d8d058d5e1fe689654ba5a6556a1dfd8ce6ec55a0ed79866cfa6"]
attrs = ["08a96c641c3a74e44eb59afb61a24f2cb9f4d7188748e76ba4bb5edfa3cb7d1c", "f7b7ce16570fe9965acd6d30101a28f62fb4a7f9e926b3bbc9b61f8b04247e72"]
beautifultable = ["8deee768c7939578412f930c95c2ac51307fb723a6368e9e233091cdad240537", "f1185c5bbb2d522a9c7dfe24cc55151f32379031d001c9731a2b55714b927089"]
colorama = ["05eed71e2e327246ad6b38c540c4a3117230b19679b875190486ddd2d721422d", "f8ac84de7840f5b9c4e3347b3c1eaa50f7e49c2b07596221daec5edaabbd7c48"]
cycler = ["1d8a5ae1ff6c5cf9b93e8811e581232ad8920aeec647c37316ceac982b08cb2d", "cd7b2d1018258d7247a71425e9f26463dfb444d411c39569972f4ce586b0c9d8"]
importlib-metadata = ["aa18d7378b00b40847790e7c27e11673d7fed219354109d0e7b9e5b25dc3ad26", "d5f18a79777f3aa179c145737780282e27b508fc8fd688cb17c7a813e8bd39af"]
joblib = ["006108c7576b3eb6c5b27761ddbf188eb6e6347696325ab2027ea1ee9a4b922d", "6fcc57aacb4e89451fd449e9412687c51817c3f48662c3d8f38ba3f8a0a193ff"]
kiwisolver = ["05b5b061e09f60f56244adc885c4a7867da25ca387376b02c1efc29cc16bcd0f", "26f4fbd6f5e1dabff70a9ba0d2c4bd30761086454aa30dddc5b52764ee4852b7", "3b2378ad387f49cbb328205bda569b9f87288d6bc1bf4cd683c34523a2341efe", "400599c0fe58d21522cae0e8b22318e09d9729451b17ee61ba8e1e7c0346565c", "47b8cb81a7d18dbaf4fed6a61c3cecdb5adec7b4ac292bddb0d016d57e8507d5", "53eaed412477c836e1b9522c19858a8557d6e595077830146182225613b11a75", "58e626e1f7dfbb620d08d457325a4cdac65d1809680009f46bf41eaf74ad0187", "5a52e1b006bfa5be04fe4debbcdd2688432a9af4b207a3f429c74ad625022641", "5c7ca4e449ac9f99b3b9d4693debb1d6d237d1542dd6a56b3305fe8a9620f883", "682e54f0ce8f45981878756d7203fd01e188cc6c8b2c5e2cf03675390b4534d5", "79bfb2f0bd7cbf9ea256612c9523367e5ec51d7cd616ae20ca2c90f575d839a2", "7f4dd50874177d2bb060d74769210f3bce1af87a8c7cf5b37d032ebf94f0aca3", "8944a16020c07b682df861207b7e0efcd2f46c7488619cb55f65882279119389", "8aa7009437640beb2768bfd06da049bad0df85f47ff18426261acecd1cf00897", "939f36f21a8c571686eb491acfffa9c7f1ac345087281b412d63ea39ca14ec4a", "9733b7f64bd9f807832d673355f79703f81f0b3e52bfce420fc00d8cb28c6a6c", "a02f6c3e229d0b7220bd74600e9351e18bc0c361b05f29adae0d10599ae0e326", "a0c0a9f06872330d0dd31b45607197caab3c22777600e88031bfe66799e70bb0", "acc4df99308111585121db217681f1ce0eecb48d3a828a2f9bbf9773f4937e9e", "b64916959e4ae0ac78af7c3e8cef4becee0c0e9694ad477b4c6b3a536de6a544", "d3fcf0819dc3fea58be1fd1ca390851bdb719a549850e708ed858503ff25d995", "d52e3b1868a4e8fd18b5cb15055c76820df514e26aa84cc02f593d99fef6707f", "db1a5d3cc4ae943d674718d6c47d2d82488ddd94b93b9e12d24aabdbfe48caee", "e3a21a720791712ed721c7b95d433e036134de6f18c77dbe96119eaf7aa08004", "e8bf074363ce2babeb4764d94f8e65efd22e6a7c74860a4f05a6947afc020ff2", "f16814a4a96dc04bf1da7d53ee8d5b1d6decfc1a92a63349bb15d37b6a263dd9", "f2b22153870ca5cf2ab9c940d7bc38e8e9089fa0f7e5856ea195e1cf4ff43d5a", "f790f8b3dff3d53453de6a7b7ddd173d2e020fb160baff578d578065b108a05f"]
matplotlib = ["08d9bc2e2acef42965256acd5015dc2c899cbd53e01bf4214c5510c7ea0efd2d", "1e0213f87cc0076f7b0c4c251d7e23601e2419cd98691df79edb95517ba06f0c", "1f31053f660df5f0310118d7f5bd1e8025170e9773f0bebe8fec486d0926adf6", "399bf6352633aeeb45ca55c6c943fa2738022fb17ae498c32a142ced0b41528d", "409a5894efb810d630d2512449c7a4394de9a4d15fc6394e26a409b17d9cc18c", "5c5ef5cf1bc8f483123102e2615644937af7d4c01d100acc72bf74a044a78717", "d0052be5cdfa27018bb08194b8812c47cb985d60eb682e1809c76e9600839516", "e7d6620d145ca9f6c3e88248e5734b6fda430e75e70755b887e48f8e9bc1de2a", "f3d8b6bccc577e4e5ecbd58fdd63cacb8e58f0ed1e97616a7f7a7baaf4b8d036"]
more-itertools = ["409cd48d4db7052af495b09dec721011634af3753ae1ef92d2b32f73a745f832", "92b8c4b06dac4f0611c0729b2f2ede52b2e1bac1ab48f089c7ddc12e26bb60c4"]
numpy = ["0b0dd8f47fb177d00fa6ef2d58783c4f41ad3126b139c91dd2f7c4b3fdf5e9a5", "25ffe71f96878e1da7e014467e19e7db90ae7d4e12affbc73101bcf61785214e", "26efd7f7d755e6ca966a5c0ac5a930a87dbbaab1c51716ac26a38f42ecc9bc4b", "28b1180c758abf34a5c3fea76fcee66a87def1656724c42bb14a6f9717a5bdf7", "2e418f0a59473dac424f888dd57e85f77502a593b207809211c76e5396ae4f5c", "30c84e3a62cfcb9e3066f25226e131451312a044f1fe2040e69ce792cb7de418", "4650d94bb9c947151737ee022b934b7d9a845a7c76e476f3e460f09a0c8c6f39", "4dd830a11e8724c9c9379feed1d1be43113f8bcce55f47ea7186d3946769ce26", "4f2a2b279efde194877aff1f76cf61c68e840db242a5c7169f1ff0fd59a2b1e2", "62d22566b3e3428dfc9ec972014c38ed9a4db4f8969c78f5414012ccd80a149e", "669795516d62f38845c7033679c648903200980d68935baaa17ac5c7ae03ae0c", "75fcd60d682db3e1f8fbe2b8b0c6761937ad56d01c1dc73edf4ef2748d5b6bc4", "9395b0a41e8b7e9a284e3be7060db9d14ad80273841c952c83a5afc241d2bd98", "9e37c35fc4e9410093b04a77d11a34c64bf658565e30df7cbe882056088a91c1", "a0678793096205a4d784bd99f32803ba8100f639cf3b932dc63b21621390ea7e", "b46554ad4dafb2927f88de5a1d207398c5385edbb5c84d30b3ef187c4a3894d8", "c867eeccd934920a800f65c6068acdd6b87e80d45cd8c8beefff783b23cdc462", "dd0667f5be56fb1b570154c2c0516a528e02d50da121bbbb2cbb0b6f87f59bc2", "de2b1c20494bdf47f0160bd88ed05f5e48ae5dc336b8de7cfade71abcc95c0b9", "f1df7b2b7740dd777571c732f98adb5aad5450aee32772f1b39249c8a50386f6", "ffca69e29079f7880c5392bf675eb8b4146479d976ae1924d01cd92b04cccbcc"]
packaging = ["28b924174df7a2fa32c1953825ff29c61e2f5e082343165438812f00d3a7fc47", "d9551545c6d761f3def1677baf08ab2a3ca17c56879e70fecba2fc4dde4ed108"]
pluggy = ["0db4b7601aae1d35b4a033282da476845aa19185c1e6964b25cf324b5e4ec3e6", "fa5fa1622fa6dd5c030e9cad086fa19ef6a0cf6d7a2d12318e10cb49d6d68f34"]
py = ["64f65755aee5b381cea27766a3a147c3f15b9b6b9ac88676de66ba2ae36793fa", "dc639b046a6e2cff5bbe40194ad65936d6ba360b52b3c3fe1d08a82dd50b5e53"]
pyparsing = ["6f98a7b9397e206d78cc01df10131398f1c8b8510a2f4d97d9abd82e1aacdd80", "d9338df12903bbf5d65a0e4e87c2161968b10d2e489652bb47001d82a9b028b4"]
pypolyagamma = ["a3e33e11bb2c59cb004771bce6d1d7e428728b92dfa1843677a75484883f94d7", "afef0244a854754675d2056f6aba09923685983f07ab50357427ae26388d7ac7"]
pytest = ["27abc3fef618a01bebb1f0d6d303d2816a99aa87a5968ebc32fe971be91eb1e6", "58cee9e09242937e136dbb3dab466116ba20d6b7828c7620f23947f37eb4dae4"]
python-dateutil = ["7e6584c74aeed623791615e26efd690f29817a27c73085b78e4bad02493df2fb", "c89805f6f4d64db21ed966fda138f8a5ed7a4fdbc1a8ee329ce1b74e3c74da9e"]
scikit-sparse = ["e9e6741ab0a43f43071e123d7d6250c9d60373308e55f0a0c5488b8eec4df319"]
scipy = ["0496f2b204a63cde3797e5452bf671ee25afc11bd9489ae69cd4dccee13083a1", "1bcf71f2e534a1aabf9f075700701bf3af434120b1b114dfa4723d02e076ed1f", "2e70ded029d51f6a48d4b2a154f583b85aa2e3290dfd71e0b6bbcfe9454cffdd", "3c34987ee52fd98b34f2e4a6d277b452d49056f1383550acc54c5bab408a194c", "4147b97709e75822e73d312e4d262410baafa961a7b11649a7b4b7c2d41fb4fe", "4190d34bf9a09626cd42100bbb12e3d96b2daf1a8a3244e991263eb693732122", "47f537214293a5d74b05d217afa49b582b7fd9428ec9ea64be69210cfc56611a", "4b2731a191dfa48a05b2f5bc18881595a1418092092ecdd8d3feab80f72adc96", "517a85600d6574fef1a67e6d2001b847c27c8bfd136f7a12879c3f91e7bb291f", "57f7be33f1009ad6199132e8a7e5d4c9727224680d8cbc4596a2a8935a86f96b", "663e78bfa197376547424aff9fb5009e7b2f26855ee5aaf1a2ddbb2f4dc6af3b", "e1c45905f550b5f14e1f47697c92bab5c1e6ba77da5a441bd2affa4621c41b26", "eabdfde8276007e9aec9a400f9528645001a30f7d78b04a0ab215183d9523e2a", "f5a3a7dcbeb345c227770029870aeb547a3c207a6cbc0106d6157139fd0c23e9", "fa67bbb0a3225fcd8610d693e7b2ca08fda107359e48229f7b83593bbb70cc97"]
six = ["3350809f0555b11f552448330d0b52d5f24c91a322ea4a15ef22629740f3761c", "d16a0141ec1a18405cd4ce8b4613101da75da0e9a7aec5bdd4fa804d0e0eba73"]
toml = ["229f81c57791a41d65e399fc06bf0848bab550a9dfd5ed66df18ce5f05e73d5c", "235682dd292d5899d361a811df37e04a8828a5b1da3115886b73cf81ebc9100e", "f1db651f9657708513243e61e6cc67d101a39bad662eaa9b5546f789338e07a3"]
wcwidth = ["3df37372226d6e63e1b1e1eda15c594bca98a22d33a23832a90998faa96bc65e", "f4ebe71925af7b40a864553f761ed559b43544f8f71746c2d756c7fe788ade7c"]
zipp = ["3718b1cbcd963c7d4c5511a8240812904164b7f381b647143a89d3b98f9bcd8e", "f06903e9f1f43b12d371004b4ac7b06ab39a44adc747266928ae6debfa7b3335"]
